
Microsoft Visual Studio Solution File, Format Version 12.00
# Visual Studio Version 17
VisualStudioVersion = 17.14.36908.2 d17.14
MinimumVisualStudioVersion = 10.0.40219.1
Project("{FAE04EC0-301F-11D3-BF4B-00C04F79EFBC}") = "InventoryMgtSystem", "InventoryMgtSystem.csproj", "{F672BC51-C037-42C8-BB5C-9993CD0C511B}"
EndProject
Global
	GlobalSection(SolutionConfigurationPlatforms) = preSolution
		Debug|Any CPU = Debug|Any CPU
		Release|Any CPU = Release|Any CPU
	EndGlobalSection
	GlobalSection(ProjectConfigurationPlatforms) = postSolution
		{F672BC51-C037-42C8-BB5C-9993CD0C511B}.Debug|Any CPU.ActiveCfg = Debug|Any CPU
		{F672BC51-C037-42C8-BB5C-9993CD0C511B}.Debug|Any CPU.Build.0 = Debug|Any CPU
		{F672BC51-C037-42C8-BB5C-9993CD0C511B}.Release|Any CPU.ActiveCfg = Release|Any CPU
		{F672BC51-C037-42C8-BB5C-9993CD0C511B}.Release|Any CPU.Build.0 = Release|Any CPU
	EndGlobalSection
	GlobalSection(SolutionProperties) = preSolution
		HideSolutionNode = FALSE
	EndGlobalSection
	GlobalSection(ExtensibilityGlobals) = postSolution
		SolutionGuid = {4349A04F-FAC2-4CB0-BBBE-0C61A65CE0D2}
	EndGlobalSection
EndGlobal
